
Microsoft Visual Studio Solution File, Format Version 12.00
# Visual Studio 15
VisualStudioVersion = 15.0.26430.12
MinimumVisualStudioVersion = 10.0.40219.1
Project("{FAE04EC0-301F-11D3-BF4B-00C04F79EFBC}") = "DigitaleBriefwahl", "DigitaleBriefwahl\DigitaleBriefwahl.csproj", "{92307315-8B23-4D90-8C3B-29EF6508EEA7}"
EndProject
Project("{FAE04EC0-301F-11D3-BF4B-00C04F79EFBC}") = "DigitaleBriefwahl.Desktop", "DigitaleBriefwahl.Desktop\DigitaleBriefwahl.Desktop.csproj", "{3911DD70-24B8-4482-8CF2-456A14CEDEA0}"
EndProject
Project("{2150E333-8FDC-42A3-9474-1A3956D46DE8}") = "Solution Items", "Solution Items", "{4AB0BBE8-CDBC-4B0E-B0E8-ECCA474B1FAC}"
	ProjectSection(SolutionItems) = preProject
		build\DigitaleBriefwahl.dep = build\DigitaleBriefwahl.dep
		Readme.md = Readme.md
		CHANGELOG.md = CHANGELOG.md
	EndProjectSection
EndProject
Project("{FAE04EC0-301F-11D3-BF4B-00C04F79EFBC}") = "DigitaleBriefwahlTests", "DigitaleBriefwahlTests\DigitaleBriefwahlTests.csproj", "{E7041C43-BE2C-4454-A140-D3465848D476}"
EndProject
Project("{FAE04EC0-301F-11D3-BF4B-00C04F79EFBC}") = "Packer", "Packer\Packer.csproj", "{9767F3E5-BC55-47CF-B239-4133AD86FCA7}"
EndProject
Global
	GlobalSection(SolutionConfigurationPlatforms) = preSolution
		Debug|Any CPU = Debug|Any CPU
		Debug|x86 = Debug|x86
		Release|Any CPU = Release|Any CPU
		Release|x86 = Release|x86
	EndGlobalSection
	GlobalSection(ProjectConfigurationPlatforms) = postSolution
		{92307315-8B23-4D90-8C3B-29EF6508EEA7}.Debug|Any CPU.ActiveCfg = Debug|Any CPU
		{92307315-8B23-4D90-8C3B-29EF6508EEA7}.Debug|Any CPU.Build.0 = Debug|Any CPU
		{92307315-8B23-4D90-8C3B-29EF6508EEA7}.Debug|x86.ActiveCfg = Debug|Any CPU
		{92307315-8B23-4D90-8C3B-29EF6508EEA7}.Debug|x86.Build.0 = Debug|Any CPU
		{92307315-8B23-4D90-8C3B-29EF6508EEA7}.Release|Any CPU.ActiveCfg = Release|Any CPU
		{92307315-8B23-4D90-8C3B-29EF6508EEA7}.Release|Any CPU.Build.0 = Release|Any CPU
		{92307315-8B23-4D90-8C3B-29EF6508EEA7}.Release|x86.ActiveCfg = Release|Any CPU
		{92307315-8B23-4D90-8C3B-29EF6508EEA7}.Release|x86.Build.0 = Release|Any CPU
		{3911DD70-24B8-4482-8CF2-456A14CEDEA0}.Debug|Any CPU.ActiveCfg = Debug|x86
		{3911DD70-24B8-4482-8CF2-456A14CEDEA0}.Debug|Any CPU.Build.0 = Debug|x86
		{3911DD70-24B8-4482-8CF2-456A14CEDEA0}.Debug|x86.ActiveCfg = Debug|x86
		{3911DD70-24B8-4482-8CF2-456A14CEDEA0}.Debug|x86.Build.0 = Debug|x86
		{3911DD70-24B8-4482-8CF2-456A14CEDEA0}.Release|x86.ActiveCfg = Release|x86
		{3911DD70-24B8-4482-8CF2-456A14CEDEA0}.Release|x86.Build.0 = Release|x86
		{3911DD70-24B8-4482-8CF2-456A14CEDEA0}.Release|Any CPU.ActiveCfg = Release|x86
		{3911DD70-24B8-4482-8CF2-456A14CEDEA0}.Release|Any CPU.Build.0 = Release|x86
		{E7041C43-BE2C-4454-A140-D3465848D476}.Debug|Any CPU.ActiveCfg = Debug|Any CPU
		{E7041C43-BE2C-4454-A140-D3465848D476}.Debug|Any CPU.Build.0 = Debug|Any CPU
		{E7041C43-BE2C-4454-A140-D3465848D476}.Debug|x86.ActiveCfg = Debug|Any CPU
		{E7041C43-BE2C-4454-A140-D3465848D476}.Debug|x86.Build.0 = Debug|Any CPU
		{E7041C43-BE2C-4454-A140-D3465848D476}.Release|Any CPU.ActiveCfg = Release|Any CPU
		{E7041C43-BE2C-4454-A140-D3465848D476}.Release|Any CPU.Build.0 = Release|Any CPU
		{E7041C43-BE2C-4454-A140-D3465848D476}.Release|x86.ActiveCfg = Release|Any CPU
		{E7041C43-BE2C-4454-A140-D3465848D476}.Release|x86.Build.0 = Release|Any CPU
		{9767F3E5-BC55-47CF-B239-4133AD86FCA7}.Debug|Any CPU.ActiveCfg = Debug|Any CPU
		{9767F3E5-BC55-47CF-B239-4133AD86FCA7}.Debug|Any CPU.Build.0 = Debug|Any CPU
		{9767F3E5-BC55-47CF-B239-4133AD86FCA7}.Debug|x86.ActiveCfg = Debug|Any CPU
		{9767F3E5-BC55-47CF-B239-4133AD86FCA7}.Debug|x86.Build.0 = Debug|Any CPU
		{9767F3E5-BC55-47CF-B239-4133AD86FCA7}.Release|Any CPU.ActiveCfg = Release|Any CPU
		{9767F3E5-BC55-47CF-B239-4133AD86FCA7}.Release|Any CPU.Build.0 = Release|Any CPU
		{9767F3E5-BC55-47CF-B239-4133AD86FCA7}.Release|x86.ActiveCfg = Release|Any CPU
		{9767F3E5-BC55-47CF-B239-4133AD86FCA7}.Release|x86.Build.0 = Release|Any CPU
	EndGlobalSection
	GlobalSection(SolutionProperties) = preSolution
		HideSolutionNode = FALSE
	EndGlobalSection
EndGlobal
